# This file is automatically @generated by Cargo.
# It is not intended for manual editing.
version = 4

[[package]]
name = "myos-ch1"
version = "0.1.0"
dependencies = [
 "tg-sbi",
]

[[package]]
name = "tg-sbi"
version = "0.4.2-preview.1"
source = "registry+https://github.com/rust-lang/crates.io-index"
checksum = "73736aa3bbd46c1735a12977b17159bda2c364c6574f4f3ca57451917699043d"
